
Microsoft Visual Studio Solution File, Format Version 12.00
# Visual Studio Version 17
VisualStudioVersion = 17.13.35825.156 d17.13
MinimumVisualStudioVersion = 10.0.40219.1
Project("{FAE04EC0-301F-11D3-BF4B-00C04F79EFBC}") = "M03-05.Recuperacio.MiquelManzano", "M03-05.Recuperacio.MiquelManzano\M03-05.Recuperacio.MiquelManzano.csproj", "{0D9B37CB-6812-48FF-BAB2-94C202178081}"
EndProject
Global
	GlobalSection(SolutionConfigurationPlatforms) = preSolution
		Debug|Any CPU = Debug|Any CPU
		Release|Any CPU = Release|Any CPU
	EndGlobalSection
	GlobalSection(ProjectConfigurationPlatforms) = postSolution
		{0D9B37CB-6812-48FF-BAB2-94C202178081}.Debug|Any CPU.ActiveCfg = Debug|Any CPU
		{0D9B37CB-6812-48FF-BAB2-94C202178081}.Debug|Any CPU.Build.0 = Debug|Any CPU
		{0D9B37CB-6812-48FF-BAB2-94C202178081}.Release|Any CPU.ActiveCfg = Release|Any CPU
		{0D9B37CB-6812-48FF-BAB2-94C202178081}.Release|Any CPU.Build.0 = Release|Any CPU
	EndGlobalSection
	GlobalSection(SolutionProperties) = preSolution
		HideSolutionNode = FALSE
	EndGlobalSection
	GlobalSection(ExtensibilityGlobals) = postSolution
		SolutionGuid = {7F816BB1-D336-4D40-A2DE-1DF9524A1934}
	EndGlobalSection
EndGlobal
